
Microsoft Visual Studio Solution File, Format Version 12.00
# Visual Studio Version 16
VisualStudioVersion = 16.0.30204.135
MinimumVisualStudioVersion = 10.0.40219.1
Project("{9A19103F-16F7-4668-BE54-9A1E7A4F7556}") = "AILZ80ASM", "AILZ80ASM\AILZ80ASM.csproj", "{93C0C165-4B19-4A3D-B8BB-5276087C989F}"
EndProject
Project("{FAE04EC0-301F-11D3-BF4B-00C04F79EFBC}") = "AILZ80ASM.Test", "AILZ80ASM.Test\AILZ80ASM.Test.csproj", "{5411EED7-F51B-4892-92A4-09A52C8CFC39}"
EndProject
Global
	GlobalSection(SolutionConfigurationPlatforms) = preSolution
		Debug|Any CPU = Debug|Any CPU
		Release|Any CPU = Release|Any CPU
	EndGlobalSection
	GlobalSection(ProjectConfigurationPlatforms) = postSolution
		{93C0C165-4B19-4A3D-B8BB-5276087C989F}.Debug|Any CPU.ActiveCfg = Debug|Any CPU
		{93C0C165-4B19-4A3D-B8BB-5276087C989F}.Debug|Any CPU.Build.0 = Debug|Any CPU
		{93C0C165-4B19-4A3D-B8BB-5276087C989F}.Release|Any CPU.ActiveCfg = Release|Any CPU
		{93C0C165-4B19-4A3D-B8BB-5276087C989F}.Release|Any CPU.Build.0 = Release|Any CPU
		{5411EED7-F51B-4892-92A4-09A52C8CFC39}.Debug|Any CPU.ActiveCfg = Debug|Any CPU
		{5411EED7-F51B-4892-92A4-09A52C8CFC39}.Debug|Any CPU.Build.0 = Debug|Any CPU
		{5411EED7-F51B-4892-92A4-09A52C8CFC39}.Release|Any CPU.ActiveCfg = Release|Any CPU
		{5411EED7-F51B-4892-92A4-09A52C8CFC39}.Release|Any CPU.Build.0 = Release|Any CPU
	EndGlobalSection
	GlobalSection(SolutionProperties) = preSolution
		HideSolutionNode = FALSE
	EndGlobalSection
	GlobalSection(ExtensibilityGlobals) = postSolution
		SolutionGuid = {37559143-1E67-4B5D-B02C-410F090B8524}
	EndGlobalSection
EndGlobal
